
Microsoft Visual Studio Solution File, Format Version 12.00
# Visual Studio 2013
VisualStudioVersion = 12.0.30501.0
MinimumVisualStudioVersion = 10.0.40219.1
Project("{FAE04EC0-301F-11D3-BF4B-00C04F79EFBC}") = "SuperAdventure", "SuperAdventure\SuperAdventure.csproj", "{FD9A3A5E-FBB7-46A2-9F10-0BDF07DC7FD1}"
EndProject
Project("{FAE04EC0-301F-11D3-BF4B-00C04F79EFBC}") = "Engine", "Engine\Engine.csproj", "{3082EE16-FA26-4BDB-9636-75CBF4886AE6}"
EndProject
Global
	GlobalSection(SolutionConfigurationPlatforms) = preSolution
		Debug|Any CPU = Debug|Any CPU
		Release|Any CPU = Release|Any CPU
	EndGlobalSection
	GlobalSection(ProjectConfigurationPlatforms) = postSolution
		{FD9A3A5E-FBB7-46A2-9F10-0BDF07DC7FD1}.Debug|Any CPU.ActiveCfg = Debug|Any CPU
		{FD9A3A5E-FBB7-46A2-9F10-0BDF07DC7FD1}.Debug|Any CPU.Build.0 = Debug|Any CPU
		{FD9A3A5E-FBB7-46A2-9F10-0BDF07DC7FD1}.Release|Any CPU.ActiveCfg = Release|Any CPU
		{FD9A3A5E-FBB7-46A2-9F10-0BDF07DC7FD1}.Release|Any CPU.Build.0 = Release|Any CPU
		{3082EE16-FA26-4BDB-9636-75CBF4886AE6}.Debug|Any CPU.ActiveCfg = Debug|Any CPU
		{3082EE16-FA26-4BDB-9636-75CBF4886AE6}.Debug|Any CPU.Build.0 = Debug|Any CPU
		{3082EE16-FA26-4BDB-9636-75CBF4886AE6}.Release|Any CPU.ActiveCfg = Release|Any CPU
		{3082EE16-FA26-4BDB-9636-75CBF4886AE6}.Release|Any CPU.Build.0 = Release|Any CPU
	EndGlobalSection
	GlobalSection(SolutionProperties) = preSolution
		HideSolutionNode = FALSE
	EndGlobalSection
EndGlobal
